// !$*UTF8*$!
{
	archiveVersion = 1;
	classes = {
	};
	objectVersion = 56;
	objects = {

/* Begin PBXBuildFile section */
		2704129A29FF73D400F06351 /* AppDelegate.swift in Sources */ = {isa = PBXBuildFile; fileRef = 2704129929FF73D400F06351 /* AppDelegate.swift */; };
		2704129C29FF73D400F06351 /* SceneDelegate.swift in Sources */ = {isa = PBXBuildFile; fileRef = 2704129B29FF73D400F06351 /* SceneDelegate.swift */; };
		2704129E29FF73D400F06351 /* HomeViewController.swift in Sources */ = {isa = PBXBuildFile; fileRef = 2704129D29FF73D400F06351 /* HomeViewController.swift */; };
		270412A129FF73D400F06351 /* Main.storyboard in Resources */ = {isa = PBXBuildFile; fileRef = 2704129F29FF73D400F06351 /* Main.storyboard */; };
		270412A329FF73D500F06351 /* Assets.xcassets in Resources */ = {isa = PBXBuildFile; fileRef = 270412A229FF73D500F06351 /* Assets.xcassets */; };
		270412A629FF73D500F06351 /* LaunchScreen.storyboard in Resources */ = {isa = PBXBuildFile; fileRef = 270412A429FF73D500F06351 /* LaunchScreen.storyboard */; };
		270412B129FF73D500F06351 /* DemoProjectTests.swift in Sources */ = {isa = PBXBuildFile; fileRef = 270412B029FF73D500F06351 /* DemoProjectTests.swift */; };
		270412BB29FF73D500F06351 /* DemoProjectUITests.swift in Sources */ = {isa = PBXBuildFile; fileRef = 270412BA29FF73D500F06351 /* DemoProjectUITests.swift */; };
		270412BD29FF73D500F06351 /* DemoProjectUITestsLaunchTests.swift in Sources */ = {isa = PBXBuildFile; fileRef = 270412BC29FF73D500F06351 /* DemoProjectUITestsLaunchTests.swift */; };
		27A0CA7D29FFC36900FC2C35 /* TableViewCell.swift in Sources */ = {isa = PBXBuildFile; fileRef = 27A0CA7C29FFC36900FC2C35 /* TableViewCell.swift */; };
		27A0CA7F29FFCA3B00FC2C35 /* ViewModel.swift in Sources */ = {isa = PBXBuildFile; fileRef = 27A0CA7E29FFCA3B00FC2C35 /* ViewModel.swift */; };
		27A0CA8129FFCBC700FC2C35 /* TableDetails.swift in Sources */ = {isa = PBXBuildFile; fileRef = 27A0CA8029FFCBC700FC2C35 /* TableDetails.swift */; };
/* End PBXBuildFile section */

/* Begin PBXContainerItemProxy section */
		270412AD29FF73D500F06351 /* PBXContainerItemProxy */ = {
			isa = PBXContainerItemProxy;
			containerPortal = 2704128E29FF73D400F06351 /* Project object */;
			proxyType = 1;
			remoteGlobalIDString = 2704129529FF73D400F06351;
			remoteInfo = DemoProject;
		};
		270412B729FF73D500F06351 /* PBXContainerItemProxy */ = {
			isa = PBXContainerItemProxy;
			containerPortal = 2704128E29FF73D400F06351 /* Project object */;
			proxyType = 1;
			remoteGlobalIDString = 2704129529FF73D400F06351;
			remoteInfo = DemoProject;
		};
/* End PBXContainerItemProxy section */

/* Begin PBXFileReference section */
		2704129629FF73D400F06351 /* DemoProject.app */ = {isa = PBXFileReference; explicitFileType = wrapper.application; includeInIndex = 0; path = DemoProject.app; sourceTree = BUILT_PRODUCTS_DIR; };
		2704129929FF73D400F06351 /* AppDelegate.swift */ = {isa = PBXFileReference; lastKnownFileType = sourcecode.swift; path = AppDelegate.swift; sourceTree = "<group>"; };
		2704129B29FF73D400F06351 /* SceneDelegate.swift */ = {isa = PBXFileReference; lastKnownFileType = sourcecode.swift; path = SceneDelegate.swift; sourceTree = "<group>"; };
		2704129D29FF73D400F06351 /* HomeViewController.swift */ = {isa = PBXFileReference; lastKnownFileType = sourcecode.swift; path = HomeViewController.swift; sourceTree = "<group>"; };
		270412A029FF73D400F06351 /* Base */ = {isa = PBXFileReference; lastKnownFileType = file.storyboard; name = Base; path = Base.lproj/Main.storyboard; sourceTree = "<group>"; };
		270412A229FF73D500F06351 /* Assets.xcassets */ = {isa = PBXFileReference; lastKnownFileType = folder.assetcatalog; path = Assets.xcassets; sourceTree = "<group>"; };
		270412A529FF73D500F06351 /* Base */ = {isa = PBXFileReference; lastKnownFileType = file.storyboard; name = Base; path = Base.lproj/LaunchScreen.storyboard; sourceTree = "<group>"; };
		270412A729FF73D500F06351 /* Info.plist */ = {isa = PBXFileReference; lastKnownFileType = text.plist.xml; path = Info.plist; sourceTree = "<group>"; };
		270412AC29FF73D500F06351 /* DemoProjectTests.xctest */ = {isa = PBXFileReference; explicitFileType = wrapper.cfbundle; includeInIndex = 0; path = DemoProjectTests.xctest; sourceTree = BUILT_PRODUCTS_DIR; };
		270412B029FF73D500F06351 /* DemoProjectTests.swift */ = {isa = PBXFileReference; lastKnownFileType = sourcecode.swift; path = DemoProjectTests.swift; sourceTree = "<group>"; };
		270412B629FF73D500F06351 /* DemoProjectUITests.xctest */ = {isa = PBXFileReference; explicitFileType = wrapper.cfbundle; includeInIndex = 0; path = DemoProjectUITests.xctest; sourceTree = BUILT_PRODUCTS_DIR; };
		270412BA29FF73D500F06351 /* DemoProjectUITests.swift */ = {isa = PBXFileReference; lastKnownFileType = sourcecode.swift; path = DemoProjectUITests.swift; sourceTree = "<group>"; };
		270412BC29FF73D500F06351 /* DemoProjectUITestsLaunchTests.swift */ = {isa = PBXFileReference; lastKnownFileType = sourcecode.swift; path = DemoProjectUITestsLaunchTests.swift; sourceTree = "<group>"; };
		27A0CA7C29FFC36900FC2C35 /* TableViewCell.swift */ = {isa = PBXFileReference; lastKnownFileType = sourcecode.swift; path = TableViewCell.swift; sourceTree = "<group>"; };
		27A0CA7E29FFCA3B00FC2C35 /* ViewModel.swift */ = {isa = PBXFileReference; lastKnownFileType = sourcecode.swift; path = ViewModel.swift; sourceTree = "<group>"; };
		27A0CA8029FFCBC700FC2C35 /* TableDetails.swift */ = {isa = PBXFileReference; lastKnownFileType = sourcecode.swift; path = TableDetails.swift; sourceTree = "<group>"; };
/* End PBXFileReference section */

/* Begin PBXFrameworksBuildPhase section */
		2704129329FF73D400F06351 /* Frameworks */ = {
			isa = PBXFrameworksBuildPhase;
			buildActionMask = 2147483647;
			files = (
			);
			runOnlyForDeploymentPostprocessing = 0;
		};
		270412A929FF73D500F06351 /* Frameworks */ = {
			isa = PBXFrameworksBuildPhase;
			buildActionMask = 2147483647;
			files = (
			);
			runOnlyForDeploymentPostprocessing = 0;
		};
		270412B329FF73D500F06351 /* Frameworks */ = {
			isa = PBXFrameworksBuildPhase;
			buildActionMask = 2147483647;
			files = (
			);
			runOnlyForDeploymentPostprocessing = 0;
		};
/* End PBXFrameworksBuildPhase section */

/* Begin PBXGroup section */
		2704128D29FF73D400F06351 = {
			isa = PBXGroup;
			children = (
				2704129829FF73D400F06351 /* DemoProject */,
				270412AF29FF73D500F06351 /* DemoProjectTests */,
				270412B929FF73D500F06351 /* DemoProjectUITests */,
				2704129729FF73D400F06351 /* Products */,
			);
			sourceTree = "<group>";
		};
		2704129729FF73D400F06351 /* Products */ = {
			isa = PBXGroup;
			children = (
				2704129629FF73D400F06351 /* DemoProject.app */,
				270412AC29FF73D500F06351 /* DemoProjectTests.xctest */,
				270412B629FF73D500F06351 /* DemoProjectUITests.xctest */,
			);
			name = Products;
			sourceTree = "<group>";
		};
		2704129829FF73D400F06351 /* DemoProject */ = {
			isa = PBXGroup;
			children = (
				27A0CA7829FF97F300FC2C35 /* Networking */,
				27A0CA7729FF979800FC2C35 /* Constants */,
				27A0CA7129FF971200FC2C35 /* Model */,
				27A0CA7229FF971C00FC2C35 /* View */,
				27A0CA7329FF972B00FC2C35 /* ViewModel */,
				2704129929FF73D400F06351 /* AppDelegate.swift */,
				2704129B29FF73D400F06351 /* SceneDelegate.swift */,
				270412A729FF73D500F06351 /* Info.plist */,
			);
			path = DemoProject;
			sourceTree = "<group>";
		};
		270412AF29FF73D500F06351 /* DemoProjectTests */ = {
			isa = PBXGroup;
			children = (
				270412B029FF73D500F06351 /* DemoProjectTests.swift */,
			);
			path = DemoProjectTests;
			sourceTree = "<group>";
		};
		270412B929FF73D500F06351 /* DemoProjectUITests */ = {
			isa = PBXGroup;
			children = (
				270412BA29FF73D500F06351 /* DemoProjectUITests.swift */,
				270412BC29FF73D500F06351 /* DemoProjectUITestsLaunchTests.swift */,
			);
			path = DemoProjectUITests;
			sourceTree = "<group>";
		};
		27A0CA7129FF971200FC2C35 /* Model */ = {
			isa = PBXGroup;
			children = (
				27A0CA8029FFCBC700FC2C35 /* TableDetails.swift */,
			);
			path = Model;
			sourceTree = "<group>";
		};
		27A0CA7229FF971C00FC2C35 /* View */ = {
			isa = PBXGroup;
			children = (
				27A0CA7B29FFC2F700FC2C35 /* Cell */,
				27A0CA7629FF978200FC2C35 /* Controller */,
				27A0CA7429FF975800FC2C35 /* AppUI */,
			);
			path = View;
			sourceTree = "<group>";
		};
		27A0CA7329FF972B00FC2C35 /* ViewModel */ = {
			isa = PBXGroup;
			children = (
				27A0CA7E29FFCA3B00FC2C35 /* ViewModel.swift */,
			);
			path = ViewModel;
			sourceTree = "<group>";
		};
		27A0CA7429FF975800FC2C35 /* AppUI */ = {
			isa = PBXGroup;
			children = (
				270412A229FF73D500F06351 /* Assets.xcassets */,
				270412A429FF73D500F06351 /* LaunchScreen.storyboard */,
				27A0CA7529FF976400FC2C35 /* Stroryboard */,
			);
			path = AppUI;
			sourceTree = "<group>";
		};
		27A0CA7529FF976400FC2C35 /* Stroryboard */ = {
			isa = PBXGroup;
			children = (
				2704129F29FF73D400F06351 /* Main.storyboard */,
			);
			path = Stroryboard;
			sourceTree = "<group>";
		};
		27A0CA7629FF978200FC2C35 /* Controller */ = {
			isa = PBXGroup;
			children = (
				2704129D29FF73D400F06351 /* HomeViewController.swift */,
			);
			path = Controller;
			sourceTree = "<group>";
		};
		27A0CA7729FF979800FC2C35 /* Constants */ = {
			isa = PBXGroup;
			children = (
			);
			path = Constants;
			sourceTree = "<group>";
		};
		27A0CA7829FF97F300FC2C35 /* Networking */ = {
			isa = PBXGroup;
			children = (
			);
			path = Networking;
			sourceTree = "<group>";
		};
		27A0CA7B29FFC2F700FC2C35 /* Cell */ = {
			isa = PBXGroup;
			children = (
				27A0CA7C29FFC36900FC2C35 /* TableViewCell.swift */,
			);
			path = Cell;
			sourceTree = "<group>";
		};
/* End PBXGroup section */

/* Begin PBXNativeTarget section */
		2704129529FF73D400F06351 /* DemoProject */ = {
			isa = PBXNativeTarget;
			buildConfigurationList = 270412C029FF73D500F06351 /* Build configuration list for PBXNativeTarget "DemoProject" */;
			buildPhases = (
				2704129229FF73D400F06351 /* Sources */,
				2704129329FF73D400F06351 /* Frameworks */,
				2704129429FF73D400F06351 /* Resources */,
			);
			buildRules = (
			);
			dependencies = (
			);
			name = DemoProject;
			productName = DemoProject;
			productReference = 2704129629FF73D400F06351 /* DemoProject.app */;
			productType = "com.apple.product-type.application";
		};
		270412AB29FF73D500F06351 /* DemoProjectTests */ = {
			isa = PBXNativeTarget;
			buildConfigurationList = 270412C329FF73D500F06351 /* Build configuration list for PBXNativeTarget "DemoProjectTests" */;
			buildPhases = (
				270412A829FF73D500F06351 /* Sources */,
				270412A929FF73D500F06351 /* Frameworks */,
				270412AA29FF73D500F06351 /* Resources */,
			);
			buildRules = (
			);
			dependencies = (
				270412AE29FF73D500F06351 /* PBXTargetDependency */,
			);
			name = DemoProjectTests;
			productName = DemoProjectTests;
			productReference = 270412AC29FF73D500F06351 /* DemoProjectTests.xctest */;
			productType = "com.apple.product-type.bundle.unit-test";
		};
		270412B529FF73D500F06351 /* DemoProjectUITests */ = {
			isa = PBXNativeTarget;
			buildConfigurationList = 270412C629FF73D500F06351 /* Build configuration list for PBXNativeTarget "DemoProjectUITests" */;
			buildPhases = (
				270412B229FF73D500F06351 /* Sources */,
				270412B329FF73D500F06351 /* Frameworks */,
				270412B429FF73D500F06351 /* Resources */,
			);
			buildRules = (
			);
			dependencies = (
				270412B829FF73D500F06351 /* PBXTargetDependency */,
			);
			name = DemoProjectUITests;
			productName = DemoProjectUITests;
			productReference = 270412B629FF73D500F06351 /* DemoProjectUITests.xctest */;
			productType = "com.apple.product-type.bundle.ui-testing";
		};
/* End PBXNativeTarget section */

/* Begin PBXProject section */
		2704128E29FF73D400F06351 /* Project object */ = {
			isa = PBXProject;
			attributes = {
				BuildIndependentTargetsInParallel = 1;
				LastSwiftUpdateCheck = 1430;
				LastUpgradeCheck = 1430;
				TargetAttributes = {
					2704129529FF73D400F06351 = {
						CreatedOnToolsVersion = 14.3;
					};
					270412AB29FF73D500F06351 = {
						CreatedOnToolsVersion = 14.3;
						TestTargetID = 2704129529FF73D400F06351;
					};
					270412B529FF73D500F06351 = {
						CreatedOnToolsVersion = 14.3;
						TestTargetID = 2704129529FF73D400F06351;
					};
				};
			};
			buildConfigurationList = 2704129129FF73D400F06351 /* Build configuration list for PBXProject "DemoProject" */;
			compatibilityVersion = "Xcode 14.0";
			developmentRegion = en;
			hasScannedForEncodings = 0;
			knownRegions = (
				en,
				Base,
			);
			mainGroup = 2704128D29FF73D400F06351;
			productRefGroup = 2704129729FF73D400F06351 /* Products */;
			projectDirPath = "";
			projectRoot = "";
			targets = (
				2704129529FF73D400F06351 /* DemoProject */,
				270412AB29FF73D500F06351 /* DemoProjectTests */,
				270412B529FF73D500F06351 /* DemoProjectUITests */,
			);
		};
/* End PBXProject section */

/* Begin PBXResourcesBuildPhase section */
		2704129429FF73D400F06351 /* Resources */ = {
			isa = PBXResourcesBuildPhase;
			buildActionMask = 2147483647;
			files = (
				270412A629FF73D500F06351 /* LaunchScreen.storyboard in Resources */,
				270412A329FF73D500F06351 /* Assets.xcassets in Resources */,
				270412A129FF73D400F06351 /* Main.storyboard in Resources */,
			);
			runOnlyForDeploymentPostprocessing = 0;
		};
		270412AA29FF73D500F06351 /* Resources */ = {
			isa = PBXResourcesBuildPhase;
			buildActionMask = 2147483647;
			files = (
			);
			runOnlyForDeploymentPostprocessing = 0;
		};
		270412B429FF73D500F06351 /* Resources */ = {
			isa = PBXResourcesBuildPhase;
			buildActionMask = 2147483647;
			files = (
			);
			runOnlyForDeploymentPostprocessing = 0;
		};
/* End PBXResourcesBuildPhase section */

/* Begin PBXSourcesBuildPhase section */
		2704129229FF73D400F06351 /* Sources */ = {
			isa = PBXSourcesBuildPhase;
			buildActionMask = 2147483647;
			files = (
				27A0CA7D29FFC36900FC2C35 /* TableViewCell.swift in Sources */,
				2704129E29FF73D400F06351 /* HomeViewController.swift in Sources */,
				2704129A29FF73D400F06351 /* AppDelegate.swift in Sources */,
				2704129C29FF73D400F06351 /* SceneDelegate.swift in Sources */,
				27A0CA8129FFCBC700FC2C35 /* TableDetails.swift in Sources */,
				27A0CA7F29FFCA3B00FC2C35 /* ViewModel.swift in Sources */,
			);
			runOnlyForDeploymentPostprocessing = 0;
		};
		270412A829FF73D500F06351 /* Sources */ = {
			isa = PBXSourcesBuildPhase;
			buildActionMask = 2147483647;
			files = (
				270412B129FF73D500F06351 /* DemoProjectTests.swift in Sources */,
			);
			runOnlyForDeploymentPostprocessing = 0;
		};
		270412B229FF73D500F06351 /* Sources */ = {
			isa = PBXSourcesBuildPhase;
			buildActionMask = 2147483647;
			files = (
				270412BB29FF73D500F06351 /* DemoProjectUITests.swift in Sources */,
				270412BD29FF73D500F06351 /* DemoProjectUITestsLaunchTests.swift in Sources */,
			);
			runOnlyForDeploymentPostprocessing = 0;
		};
/* End PBXSourcesBuildPhase section */

/* Begin PBXTargetDependency section */
		270412AE29FF73D500F06351 /* PBXTargetDependency */ = {
			isa = PBXTargetDependency;
			target = 2704129529FF73D400F06351 /* DemoProject */;
			targetProxy = 270412AD29FF73D500F06351 /* PBXContainerItemProxy */;
		};
		270412B829FF73D500F06351 /* PBXTargetDependency */ = {
			isa = PBXTargetDependency;
			target = 2704129529FF73D400F06351 /* DemoProject */;
			targetProxy = 270412B729FF73D500F06351 /* PBXContainerItemProxy */;
		};
/* End PBXTargetDependency section */

/* Begin PBXVariantGroup section */
		2704129F29FF73D400F06351 /* Main.storyboard */ = {
			isa = PBXVariantGroup;
			children = (
				270412A029FF73D400F06351 /* Base */,
			);
			name = Main.storyboard;
			sourceTree = "<group>";
		};
		270412A429FF73D500F06351 /* LaunchScreen.storyboard */ = {
			isa = PBXVariantGroup;
			children = (
				270412A529FF73D500F06351 /* Base */,
			);
			name = LaunchScreen.storyboard;
			sourceTree = "<group>";
		};
/* End PBXVariantGroup section */

/* Begin XCBuildConfiguration section */
		270412BE29FF73D500F06351 /* Debug */ = {
			isa = XCBuildConfiguration;
			buildSettings = {
				ALWAYS_SEARCH_USER_PATHS = NO;
				CLANG_ANALYZER_NONNULL = YES;
				CLANG_ANALYZER_NUMBER_OBJECT_CONVERSION = YES_AGGRESSIVE;
				CLANG_CXX_LANGUAGE_STANDARD = "gnu++20";
				CLANG_ENABLE_MODULES = YES;
				CLANG_ENABLE_OBJC_ARC = YES;
				CLANG_ENABLE_OBJC_WEAK = YES;
				CLANG_WARN_BLOCK_CAPTURE_AUTORELEASING = YES;
				CLANG_WARN_BOOL_CONVERSION = YES;
				CLANG_WARN_COMMA = YES;
				CLANG_WARN_CONSTANT_CONVERSION = YES;
				CLANG_WARN_DEPRECATED_OBJC_IMPLEMENTATIONS = YES;
				CLANG_WARN_DIRECT_OBJC_ISA_USAGE = YES_ERROR;
				CLANG_WARN_DOCUMENTATION_COMMENTS = YES;
				CLANG_WARN_EMPTY_BODY = YES;
				CLANG_WARN_ENUM_CONVERSION = YES;
				CLANG_WARN_INFINITE_RECURSION = YES;
				CLANG_WARN_INT_CONVERSION = YES;
				CLANG_WARN_NON_LITERAL_NULL_CONVERSION = YES;
				CLANG_WARN_OBJC_IMPLICIT_RETAIN_SELF = YES;
				CLANG_WARN_OBJC_LITERAL_CONVERSION = YES;
				CLANG_WARN_OBJC_ROOT_CLASS = YES_ERROR;
				CLANG_WARN_QUOTED_INCLUDE_IN_FRAMEWORK_HEADER = YES;
				CLANG_WARN_RANGE_LOOP_ANALYSIS = YES;
				CLANG_WARN_STRICT_PROTOTYPES = YES;
				CLANG_WARN_SUSPICIOUS_MOVE = YES;
				CLANG_WARN_UNGUARDED_AVAILABILITY = YES_AGGRESSIVE;
				CLANG_WARN_UNREACHABLE_CODE = YES;
				CLANG_WARN__DUPLICATE_METHOD_MATCH = YES;
				COPY_PHASE_STRIP = NO;
				DEBUG_INFORMATION_FORMAT = dwarf;
				ENABLE_STRICT_OBJC_MSGSEND = YES;
				ENABLE_TESTABILITY = YES;
				GCC_C_LANGUAGE_STANDARD = gnu11;
				GCC_DYNAMIC_NO_PIC = NO;
				GCC_NO_COMMON_BLOCKS = YES;
				GCC_OPTIMIZATION_LEVEL = 0;
				GCC_PREPROCESSOR_DEFINITIONS = (
					"DEBUG=1",
					"$(inherited)",
				);
				GCC_WARN_64_TO_32_BIT_CONVERSION = YES;
				GCC_WARN_ABOUT_RETURN_TYPE = YES_ERROR;
				GCC_WARN_UNDECLARED_SELECTOR = YES;
				GCC_WARN_UNINITIALIZED_AUTOS = YES_AGGRESSIVE;
				GCC_WARN_UNUSED_FUNCTION = YES;
				GCC_WARN_UNUSED_VARIABLE = YES;
				IPHONEOS_DEPLOYMENT_TARGET = 16.4;
				MTL_ENABLE_DEBUG_INFO = INCLUDE_SOURCE;
				MTL_FAST_MATH = YES;
				ONLY_ACTIVE_ARCH = YES;
				SDKROOT = iphoneos;
				SWIFT_ACTIVE_COMPILATION_CONDITIONS = DEBUG;
				SWIFT_OPTIMIZATION_LEVEL = "-Onone";
			};
			name = Debug;
		};
		270412BF29FF73D500F06351 /* Release */ = {
			isa = XCBuildConfiguration;
			buildSettings = {
				ALWAYS_SEARCH_USER_PATHS = NO;
				CLANG_ANALYZER_NONNULL = YES;
				CLANG_ANALYZER_NUMBER_OBJECT_CONVERSION = YES_AGGRESSIVE;
				CLANG_CXX_LANGUAGE_STANDARD = "gnu++20";
				CLANG_ENABLE_MODULES = YES;
				CLANG_ENABLE_OBJC_ARC = YES;
				CLANG_ENABLE_OBJC_WEAK = YES;
				CLANG_WARN_BLOCK_CAPTURE_AUTORELEASING = YES;
				CLANG_WARN_BOOL_CONVERSION = YES;
				CLANG_WARN_COMMA = YES;
				CLANG_WARN_CONSTANT_CONVERSION = YES;
				CLANG_WARN_DEPRECATED_OBJC_IMPLEMENTATIONS = YES;
				CLANG_WARN_DIRECT_OBJC_ISA_USAGE = YES_ERROR;
				CLANG_WARN_DOCUMENTATION_COMMENTS = YES;
				CLANG_WARN_EMPTY_BODY = YES;
				CLANG_WARN_ENUM_CONVERSION = YES;
				CLANG_WARN_INFINITE_RECURSION = YES;
				CLANG_WARN_INT_CONVERSION = YES;
				CLANG_WARN_NON_LITERAL_NULL_CONVERSION = YES;
				CLANG_WARN_OBJC_IMPLICIT_RETAIN_SELF = YES;
				CLANG_WARN_OBJC_LITERAL_CONVERSION = YES;
				CLANG_WARN_OBJC_ROOT_CLASS = YES_ERROR;
				CLANG_WARN_QUOTED_INCLUDE_IN_FRAMEWORK_HEADER = YES;
				CLANG_WARN_RANGE_LOOP_ANALYSIS = YES;
				CLANG_WARN_STRICT_PROTOTYPES = YES;
				CLANG_WARN_SUSPICIOUS_MOVE = YES;
				CLANG_WARN_UNGUARDED_AVAILABILITY = YES_AGGRESSIVE;
				CLANG_WARN_UNREACHABLE_CODE = YES;
				CLANG_WARN__DUPLICATE_METHOD_MATCH = YES;
				COPY_PHASE_STRIP = NO;
				DEBUG_INFORMATION_FORMAT = "dwarf-with-dsym";
				ENABLE_NS_ASSERTIONS = NO;
				ENABLE_STRICT_OBJC_MSGSEND = YES;
				GCC_C_LANGUAGE_STANDARD = gnu11;
				GCC_NO_COMMON_BLOCKS = YES;
				GCC_WARN_64_TO_32_BIT_CONVERSION = YES;
				GCC_WARN_ABOUT_RETURN_TYPE = YES_ERROR;
				GCC_WARN_UNDECLARED_SELECTOR = YES;
				GCC_WARN_UNINITIALIZED_AUTOS = YES_AGGRESSIVE;
				GCC_WARN_UNUSED_FUNCTION = YES;
				GCC_WARN_UNUSED_VARIABLE = YES;
				IPHONEOS_DEPLOYMENT_TARGET = 16.4;
				MTL_ENABLE_DEBUG_INFO = NO;
				MTL_FAST_MATH = YES;
				SDKROOT = iphoneos;
				SWIFT_COMPILATION_MODE = wholemodule;
				SWIFT_OPTIMIZATION_LEVEL = "-O";
				VALIDATE_PRODUCT = YES;
			};
			name = Release;
		};
		270412C129FF73D500F06351 /* Debug */ = {
			isa = XCBuildConfiguration;
			buildSettings = {
				ASSETCATALOG_COMPILER_APPICON_NAME = AppIcon;
				ASSETCATALOG_COMPILER_GLOBAL_ACCENT_COLOR_NAME = AccentColor;
				CODE_SIGN_STYLE = Automatic;
				CURRENT_PROJECT_VERSION = 1;
				GENERATE_INFOPLIST_FILE = YES;
				INFOPLIST_FILE = DemoProject/Info.plist;
				INFOPLIST_KEY_UIApplicationSupportsIndirectInputEvents = YES;
				INFOPLIST_KEY_UILaunchStoryboardName = LaunchScreen;
				INFOPLIST_KEY_UIMainStoryboardFile = Main;
				INFOPLIST_KEY_UISupportedInterfaceOrientations_iPad = "UIInterfaceOrientationPortrait UIInterfaceOrientationPortraitUpsideDown UIInterfaceOrientationLandscapeLeft UIInterfaceOrientationLandscapeRight";
				INFOPLIST_KEY_UISupportedInterfaceOrientations_iPhone = "UIInterfaceOrientationPortrait UIInterfaceOrientationLandscapeLeft UIInterfaceOrientationLandscapeRight";
				IPHONEOS_DEPLOYMENT_TARGET = 12.0;
				LD_RUNPATH_SEARCH_PATHS = (
					"$(inherited)",
					"@executable_path/Frameworks",
				);
				MARKETING_VERSION = 1.0;
				PRODUCT_BUNDLE_IDENTIFIER = wisdomleaf.com.DemoProject;
				PRODUCT_NAME = "$(TARGET_NAME)";
				SWIFT_EMIT_LOC_STRINGS = YES;
				SWIFT_VERSION = 5.0;
				TARGETED_DEVICE_FAMILY = "1,2";
			};
			name = Debug;
		};
		270412C229FF73D500F06351 /* Release */ = {
			isa = XCBuildConfiguration;
			buildSettings = {
				ASSETCATALOG_COMPILER_APPICON_NAME = AppIcon;
				ASSETCATALOG_COMPILER_GLOBAL_ACCENT_COLOR_NAME = AccentColor;
				CODE_SIGN_STYLE = Automatic;
				CURRENT_PROJECT_VERSION = 1;
				GENERATE_INFOPLIST_FILE = YES;
				INFOPLIST_FILE = DemoProject/Info.plist;
				INFOPLIST_KEY_UIApplicationSupportsIndirectInputEvents = YES;
				INFOPLIST_KEY_UILaunchStoryboardName = LaunchScreen;
				INFOPLIST_KEY_UIMainStoryboardFile = Main;
				INFOPLIST_KEY_UISupportedInterfaceOrientations_iPad = "UIInterfaceOrientationPortrait UIInterfaceOrientationPortraitUpsideDown UIInterfaceOrientationLandscapeLeft UIInterfaceOrientationLandscapeRight";
				INFOPLIST_KEY_UISupportedInterfaceOrientations_iPhone = "UIInterfaceOrientationPortrait UIInterfaceOrientationLandscapeLeft UIInterfaceOrientationLandscapeRight";
				IPHONEOS_DEPLOYMENT_TARGET = 12.0;
				LD_RUNPATH_SEARCH_PATHS = (
					"$(inherited)",
					"@executable_path/Frameworks",
				);
				MARKETING_VERSION = 1.0;
				PRODUCT_BUNDLE_IDENTIFIER = wisdomleaf.com.DemoProject;
				PRODUCT_NAME = "$(TARGET_NAME)";
				SWIFT_EMIT_LOC_STRINGS = YES;
				SWIFT_VERSION = 5.0;
				TARGETED_DEVICE_FAMILY = "1,2";
			};
			name = Release;
		};
		270412C429FF73D500F06351 /* Debug */ = {
			isa = XCBuildConfiguration;
			buildSettings = {
				ALWAYS_EMBED_SWIFT_STANDARD_LIBRARIES = YES;
				BUNDLE_LOADER = "$(TEST_HOST)";
				CODE_SIGN_STYLE = Automatic;
				CURRENT_PROJECT_VERSION = 1;
				GENERATE_INFOPLIST_FILE = YES;
				IPHONEOS_DEPLOYMENT_TARGET = 16.4;
				MARKETING_VERSION = 1.0;
				PRODUCT_BUNDLE_IDENTIFIER = wisdomleaf.com.DemoProjectTests;
				PRODUCT_NAME = "$(TARGET_NAME)";
				SWIFT_EMIT_LOC_STRINGS = NO;
				SWIFT_VERSION = 5.0;
				TARGETED_DEVICE_FAMILY = "1,2";
				TEST_HOST = "$(BUILT_PRODUCTS_DIR)/DemoProject.app/$(BUNDLE_EXECUTABLE_FOLDER_PATH)/DemoProject";
			};
			name = Debug;
		};
		270412C529FF73D500F06351 /* Release */ = {
			isa = XCBuildConfiguration;
			buildSettings = {
				ALWAYS_EMBED_SWIFT_STANDARD_LIBRARIES = YES;
				BUNDLE_LOADER = "$(TEST_HOST)";
				CODE_SIGN_STYLE = Automatic;
				CURRENT_PROJECT_VERSION = 1;
				GENERATE_INFOPLIST_FILE = YES;
				IPHONEOS_DEPLOYMENT_TARGET = 16.4;
				MARKETING_VERSION = 1.0;
				PRODUCT_BUNDLE_IDENTIFIER = wisdomleaf.com.DemoProjectTests;
				PRODUCT_NAME = "$(TARGET_NAME)";
				SWIFT_EMIT_LOC_STRINGS = NO;
				SWIFT_VERSION = 5.0;
				TARGETED_DEVICE_FAMILY = "1,2";
				TEST_HOST = "$(BUILT_PRODUCTS_DIR)/DemoProject.app/$(BUNDLE_EXECUTABLE_FOLDER_PATH)/DemoProject";
			};
			name = Release;
		};
		270412C729FF73D500F06351 /* Debug */ = {
			isa = XCBuildConfiguration;
			buildSettings = {
				ALWAYS_EMBED_SWIFT_STANDARD_LIBRARIES = YES;
				CODE_SIGN_STYLE = Automatic;
				CURRENT_PROJECT_VERSION = 1;
				GENERATE_INFOPLIST_FILE = YES;
				MARKETING_VERSION = 1.0;
				PRODUCT_BUNDLE_IDENTIFIER = wisdomleaf.com.DemoProjectUITests;
				PRODUCT_NAME = "$(TARGET_NAME)";
				SWIFT_EMIT_LOC_STRINGS = NO;
				SWIFT_VERSION = 5.0;
				TARGETED_DEVICE_FAMILY = "1,2";
				TEST_TARGET_NAME = DemoProject;
			};
			name = Debug;
		};
		270412C829FF73D500F06351 /* Release */ = {
			isa = XCBuildConfiguration;
			buildSettings = {
				ALWAYS_EMBED_SWIFT_STANDARD_LIBRARIES = YES;
				CODE_SIGN_STYLE = Automatic;
				CURRENT_PROJECT_VERSION = 1;
				GENERATE_INFOPLIST_FILE = YES;
				MARKETING_VERSION = 1.0;
				PRODUCT_BUNDLE_IDENTIFIER = wisdomleaf.com.DemoProjectUITests;
				PRODUCT_NAME = "$(TARGET_NAME)";
				SWIFT_EMIT_LOC_STRINGS = NO;
				SWIFT_VERSION = 5.0;
				TARGETED_DEVICE_FAMILY = "1,2";
				TEST_TARGET_NAME = DemoProject;
			};
			name = Release;
		};
/* End XCBuildConfiguration section */

/* Begin XCConfigurationList section */
		2704129129FF73D400F06351 /* Build configuration list for PBXProject "DemoProject" */ = {
			isa = XCConfigurationList;
			buildConfigurations = (
				270412BE29FF73D500F06351 /* Debug */,
				270412BF29FF73D500F06351 /* Release */,
			);
			defaultConfigurationIsVisible = 0;
			defaultConfigurationName = Release;
		};
		270412C029FF73D500F06351 /* Build configuration list for PBXNativeTarget "DemoProject" */ = {
			isa = XCConfigurationList;
			buildConfigurations = (
				270412C129FF73D500F06351 /* Debug */,
				270412C229FF73D500F06351 /* Release */,
			);
			defaultConfigurationIsVisible = 0;
			defaultConfigurationName = Release;
		};
		270412C329FF73D500F06351 /* Build configuration list for PBXNativeTarget "DemoProjectTests" */ = {
			isa = XCConfigurationList;
			buildConfigurations = (
				270412C429FF73D500F06351 /* Debug */,
				270412C529FF73D500F06351 /* Release */,
			);
			defaultConfigurationIsVisible = 0;
			defaultConfigurationName = Release;
		};
		270412C629FF73D500F06351 /* Build configuration list for PBXNativeTarget "DemoProjectUITests" */ = {
			isa = XCConfigurationList;
			buildConfigurations = (
				270412C729FF73D500F06351 /* Debug */,
				270412C829FF73D500F06351 /* Release */,
			);
			defaultConfigurationIsVisible = 0;
			defaultConfigurationName = Release;
		};
/* End XCConfigurationList section */
	};
	rootObject = 2704128E29FF73D400F06351 /* Project object */;
}
